dependencies:
- name: ingress-nginx
  repository: https://kubernetes.github.io/ingress-nginx
  version: 4.12.1
- name: postgresql
  repository: https://charts.bitnami.com/bitnami
  version: 16.6.2
- name: redis
  repository: https://charts.bitnami.com/bitnami
  version: 20.11.4
digest: sha256:9b63fa04178f865baacab6211bc8af8f829af33eb25cc4aca8285f4a4a3c5ab6
generated: "2025-04-08T07:50:37.357092-04:00"
